
Microsoft Visual Studio Solution File, Format Version 12.00
# Visual Studio Version 16
VisualStudioVersion = 16.0.31702.278
MinimumVisualStudioVersion = 10.0.40219.1
Project("{FAE04EC0-301F-11D3-BF4B-00C04F79EFBC}") = "CheckNumber", "CheckNumber\CheckNumber.csproj", "{15EA3091-6135-41F6-AFA5-2300A697CBFE}"
EndProject
Project("{FAE04EC0-301F-11D3-BF4B-00C04F79EFBC}") = "AsymptCompl", "AsymptCompl\AsymptCompl.csproj", "{D6E9F6F3-C44E-44BC-8892-CA2F665E3AE4}"
EndProject
Global
	GlobalSection(SolutionConfigurationPlatforms) = preSolution
		Debug|Any CPU = Debug|Any CPU
		Release|Any CPU = Release|Any CPU
	EndGlobalSection
	GlobalSection(ProjectConfigurationPlatforms) = postSolution
		{15EA3091-6135-41F6-AFA5-2300A697CBFE}.Debug|Any CPU.ActiveCfg = Debug|Any CPU
		{15EA3091-6135-41F6-AFA5-2300A697CBFE}.Debug|Any CPU.Build.0 = Debug|Any CPU
		{15EA3091-6135-41F6-AFA5-2300A697CBFE}.Release|Any CPU.ActiveCfg = Release|Any CPU
		{15EA3091-6135-41F6-AFA5-2300A697CBFE}.Release|Any CPU.Build.0 = Release|Any CPU
		{D6E9F6F3-C44E-44BC-8892-CA2F665E3AE4}.Debug|Any CPU.ActiveCfg = Debug|Any CPU
		{D6E9F6F3-C44E-44BC-8892-CA2F665E3AE4}.Debug|Any CPU.Build.0 = Debug|Any CPU
		{D6E9F6F3-C44E-44BC-8892-CA2F665E3AE4}.Release|Any CPU.ActiveCfg = Release|Any CPU
		{D6E9F6F3-C44E-44BC-8892-CA2F665E3AE4}.Release|Any CPU.Build.0 = Release|Any CPU
	EndGlobalSection
	GlobalSection(SolutionProperties) = preSolution
		HideSolutionNode = FALSE
	EndGlobalSection
	GlobalSection(ExtensibilityGlobals) = postSolution
		SolutionGuid = {60633C37-7D1D-40B6-AA3E-A89F3BA8FA85}
	EndGlobalSection
EndGlobal
